
Microsoft Visual Studio Solution File, Format Version 12.00
# Visual Studio Version 16
VisualStudioVersion = 16.0.31025.194
MinimumVisualStudioVersion = 10.0.40219.1
Project("{FAE04EC0-301F-11D3-BF4B-00C04F79EFBC}") = "Projekat", "Projekat\Projekat.csproj", "{F6D9DA8A-B429-43FA-81FB-1FBDBB656319}"
EndProject
Global
	GlobalSection(SolutionConfigurationPlatforms) = preSolution
		Debug|Any CPU = Debug|Any CPU
		Release|Any CPU = Release|Any CPU
	EndGlobalSection
	GlobalSection(ProjectConfigurationPlatforms) = postSolution
		{F6D9DA8A-B429-43FA-81FB-1FBDBB656319}.Debug|Any CPU.ActiveCfg = Debug|Any CPU
		{F6D9DA8A-B429-43FA-81FB-1FBDBB656319}.Debug|Any CPU.Build.0 = Debug|Any CPU
		{F6D9DA8A-B429-43FA-81FB-1FBDBB656319}.Release|Any CPU.ActiveCfg = Release|Any CPU
		{F6D9DA8A-B429-43FA-81FB-1FBDBB656319}.Release|Any CPU.Build.0 = Release|Any CPU
	EndGlobalSection
	GlobalSection(SolutionProperties) = preSolution
		HideSolutionNode = FALSE
	EndGlobalSection
	GlobalSection(ExtensibilityGlobals) = postSolution
		SolutionGuid = {1D18680E-C28C-4333-ADEC-5A8395F5B725}
	EndGlobalSection
EndGlobal
